
Microsoft Visual Studio Solution File, Format Version 12.00
# Visual Studio 2013
VisualStudioVersion = 12.0.30723.0
MinimumVisualStudioVersion = 10.0.40219.1
Project("{FAE04EC0-301F-11D3-BF4B-00C04F79EFBC}") = "IdentityServer", "IdentityServer\IdentityServer.csproj", "{1DC96B11-FEAA-41F5-BB29-F63CB58D8555}"
EndProject
Project("{FAE04EC0-301F-11D3-BF4B-00C04F79EFBC}") = "API", "API\API.csproj", "{DB760932-D566-4648-9E1E-83663EA649F9}"
EndProject
Project("{FAE04EC0-301F-11D3-BF4B-00C04F79EFBC}") = "Client", "Client\Client.csproj", "{D2EFBA39-CBAA-49C3-8EF7-221C1062C5E3}"
EndProject
Global
	GlobalSection(SolutionConfigurationPlatforms) = preSolution
		Debug|Any CPU = Debug|Any CPU
		Release|Any CPU = Release|Any CPU
	EndGlobalSection
	GlobalSection(ProjectConfigurationPlatforms) = postSolution
		{1DC96B11-FEAA-41F5-BB29-F63CB58D8555}.Debug|Any CPU.ActiveCfg = Debug|Any CPU
		{1DC96B11-FEAA-41F5-BB29-F63CB58D8555}.Debug|Any CPU.Build.0 = Debug|Any CPU
		{1DC96B11-FEAA-41F5-BB29-F63CB58D8555}.Release|Any CPU.ActiveCfg = Release|Any CPU
		{1DC96B11-FEAA-41F5-BB29-F63CB58D8555}.Release|Any CPU.Build.0 = Release|Any CPU
		{DB760932-D566-4648-9E1E-83663EA649F9}.Debug|Any CPU.ActiveCfg = Debug|Any CPU
		{DB760932-D566-4648-9E1E-83663EA649F9}.Debug|Any CPU.Build.0 = Debug|Any CPU
		{DB760932-D566-4648-9E1E-83663EA649F9}.Release|Any CPU.ActiveCfg = Release|Any CPU
		{DB760932-D566-4648-9E1E-83663EA649F9}.Release|Any CPU.Build.0 = Release|Any CPU
		{D2EFBA39-CBAA-49C3-8EF7-221C1062C5E3}.Debug|Any CPU.ActiveCfg = Debug|Any CPU
		{D2EFBA39-CBAA-49C3-8EF7-221C1062C5E3}.Debug|Any CPU.Build.0 = Debug|Any CPU
		{D2EFBA39-CBAA-49C3-8EF7-221C1062C5E3}.Release|Any CPU.ActiveCfg = Release|Any CPU
		{D2EFBA39-CBAA-49C3-8EF7-221C1062C5E3}.Release|Any CPU.Build.0 = Release|Any CPU
	EndGlobalSection
	GlobalSection(SolutionProperties) = preSolution
		HideSolutionNode = FALSE
	EndGlobalSection
EndGlobal
